
Microsoft Visual Studio Solution File, Format Version 12.00
# Visual Studio Version 16
VisualStudioVersion = 16.0.31129.286
MinimumVisualStudioVersion = 10.0.40219.1
Project("{FAE04EC0-301F-11D3-BF4B-00C04F79EFBC}") = "lib", "BiblioProjet\lib.csproj", "{569FCA44-2E81-4FB9-BFA2-1B50B7A74A05}"
EndProject
Project("{FAE04EC0-301F-11D3-BF4B-00C04F79EFBC}") = "STE", "SystemeTeletonElectronique\STE.csproj", "{A6D160E5-F1A1-47B1-8BF5-D297E6DA1E31}"
EndProject
Global
	GlobalSection(SolutionConfigurationPlatforms) = preSolution
		Debug|Any CPU = Debug|Any CPU
		Release|Any CPU = Release|Any CPU
	EndGlobalSection
	GlobalSection(ProjectConfigurationPlatforms) = postSolution
		{569FCA44-2E81-4FB9-BFA2-1B50B7A74A05}.Debug|Any CPU.ActiveCfg = Debug|Any CPU
		{569FCA44-2E81-4FB9-BFA2-1B50B7A74A05}.Debug|Any CPU.Build.0 = Debug|Any CPU
		{569FCA44-2E81-4FB9-BFA2-1B50B7A74A05}.Release|Any CPU.ActiveCfg = Release|Any CPU
		{569FCA44-2E81-4FB9-BFA2-1B50B7A74A05}.Release|Any CPU.Build.0 = Release|Any CPU
		{A6D160E5-F1A1-47B1-8BF5-D297E6DA1E31}.Debug|Any CPU.ActiveCfg = Debug|Any CPU
		{A6D160E5-F1A1-47B1-8BF5-D297E6DA1E31}.Debug|Any CPU.Build.0 = Debug|Any CPU
		{A6D160E5-F1A1-47B1-8BF5-D297E6DA1E31}.Release|Any CPU.ActiveCfg = Release|Any CPU
		{A6D160E5-F1A1-47B1-8BF5-D297E6DA1E31}.Release|Any CPU.Build.0 = Release|Any CPU
	EndGlobalSection
	GlobalSection(SolutionProperties) = preSolution
		HideSolutionNode = FALSE
	EndGlobalSection
	GlobalSection(ExtensibilityGlobals) = postSolution
		SolutionGuid = {6D04AE02-B341-4A68-B99B-C4F1D74348C5}
	EndGlobalSection
EndGlobal
